// !$*UTF8*$!
{
	archiveVersion = 1;
	classes = {
	};
	objectVersion = 56;
	objects = {

/* Begin PBXBuildFile section */
		24C4924129F0EE6D00FD956D /* AppDelegate.swift in Sources */ = {isa = PBXBuildFile; fileRef = 24C4924029F0EE6D00FD956D /* AppDelegate.swift */; };
		24C4924329F0EE6D00FD956D /* SceneDelegate.swift in Sources */ = {isa = PBXBuildFile; fileRef = 24C4924229F0EE6D00FD956D /* SceneDelegate.swift */; };
		24C4924529F0EE6D00FD956D /* ViewController.swift in Sources */ = {isa = PBXBuildFile; fileRef = 24C4924429F0EE6D00FD956D /* ViewController.swift */; };
		24C4924829F0EE6D00FD956D /* Main.storyboard in Resources */ = {isa = PBXBuildFile; fileRef = 24C4924629F0EE6D00FD956D /* Main.storyboard */; };
		24C4924A29F0EE6F00FD956D /* Assets.xcassets in Resources */ = {isa = PBXBuildFile; fileRef = 24C4924929F0EE6F00FD956D /* Assets.xcassets */; };
		24C4924D29F0EE6F00FD956D /* LaunchScreen.storyboard in Resources */ = {isa = PBXBuildFile; fileRef = 24C4924B29F0EE6F00FD956D /* LaunchScreen.storyboard */; };
		24C4925829F0EE6F00FD956D /* MySwiftDemoTests.swift in Sources */ = {isa = PBXBuildFile; fileRef = 24C4925729F0EE6F00FD956D /* MySwiftDemoTests.swift */; };
		24C4926229F0EE6F00FD956D /* MySwiftDemoUITests.swift in Sources */ = {isa = PBXBuildFile; fileRef = 24C4926129F0EE6F00FD956D /* MySwiftDemoUITests.swift */; };
		24C4926429F0EE6F00FD956D /* MySwiftDemoUITestsLaunchTests.swift in Sources */ = {isa = PBXBuildFile; fileRef = 24C4926329F0EE6F00FD956D /* MySwiftDemoUITestsLaunchTests.swift */; };
/* End PBXBuildFile section */

/* Begin PBXContainerItemProxy section */
		24C4925429F0EE6F00FD956D /* PBXContainerItemProxy */ = {
			isa = PBXContainerItemProxy;
			containerPortal = 24C4923529F0EE6D00FD956D /* Project object */;
			proxyType = 1;
			remoteGlobalIDString = 24C4923C29F0EE6D00FD956D;
			remoteInfo = MySwiftDemo;
		};
		24C4925E29F0EE6F00FD956D /* PBXContainerItemProxy */ = {
			isa = PBXContainerItemProxy;
			containerPortal = 24C4923529F0EE6D00FD956D /* Project object */;
			proxyType = 1;
			remoteGlobalIDString = 24C4923C29F0EE6D00FD956D;
			remoteInfo = MySwiftDemo;
		};
/* End PBXContainerItemProxy section */

/* Begin PBXFileReference section */
		24C4923D29F0EE6D00FD956D /* MySwiftDemo.app */ = {isa = PBXFileReference; explicitFileType = wrapper.application; includeInIndex = 0; path = MySwiftDemo.app; sourceTree = BUILT_PRODUCTS_DIR; };
		24C4924029F0EE6D00FD956D /* AppDelegate.swift */ = {isa = PBXFileReference; lastKnownFileType = sourcecode.swift; path = AppDelegate.swift; sourceTree = "<group>"; };
		24C4924229F0EE6D00FD956D /* SceneDelegate.swift */ = {isa = PBXFileReference; lastKnownFileType = sourcecode.swift; path = SceneDelegate.swift; sourceTree = "<group>"; };
		24C4924429F0EE6D00FD956D /* ViewController.swift */ = {isa = PBXFileReference; lastKnownFileType = sourcecode.swift; path = ViewController.swift; sourceTree = "<group>"; };
		24C4924729F0EE6D00FD956D /* Base */ = {isa = PBXFileReference; lastKnownFileType = file.storyboard; name = Base; path = Base.lproj/Main.storyboard; sourceTree = "<group>"; };
		24C4924929F0EE6F00FD956D /* Assets.xcassets */ = {isa = PBXFileReference; lastKnownFileType = folder.assetcatalog; path = Assets.xcassets; sourceTree = "<group>"; };
		24C4924C29F0EE6F00FD956D /* Base */ = {isa = PBXFileReference; lastKnownFileType = file.storyboard; name = Base; path = Base.lproj/LaunchScreen.storyboard; sourceTree = "<group>"; };
		24C4924E29F0EE6F00FD956D /* Info.plist */ = {isa = PBXFileReference; lastKnownFileType = text.plist.xml; path = Info.plist; sourceTree = "<group>"; };
		24C4925329F0EE6F00FD956D /* MySwiftDemoTests.xctest */ = {isa = PBXFileReference; explicitFileType = wrapper.cfbundle; includeInIndex = 0; path = MySwiftDemoTests.xctest; sourceTree = BUILT_PRODUCTS_DIR; };
		24C4925729F0EE6F00FD956D /* MySwiftDemoTests.swift */ = {isa = PBXFileReference; lastKnownFileType = sourcecode.swift; path = MySwiftDemoTests.swift; sourceTree = "<group>"; };
		24C4925D29F0EE6F00FD956D /* MySwiftDemoUITests.xctest */ = {isa = PBXFileReference; explicitFileType = wrapper.cfbundle; includeInIndex = 0; path = MySwiftDemoUITests.xctest; sourceTree = BUILT_PRODUCTS_DIR; };
		24C4926129F0EE6F00FD956D /* MySwiftDemoUITests.swift */ = {isa = PBXFileReference; lastKnownFileType = sourcecode.swift; path = MySwiftDemoUITests.swift; sourceTree = "<group>"; };
		24C4926329F0EE6F00FD956D /* MySwiftDemoUITestsLaunchTests.swift */ = {isa = PBXFileReference; lastKnownFileType = sourcecode.swift; path = MySwiftDemoUITestsLaunchTests.swift; sourceTree = "<group>"; };
/* End PBXFileReference section */

/* Begin PBXFrameworksBuildPhase section */
		24C4923A29F0EE6D00FD956D /* Frameworks */ = {
			isa = PBXFrameworksBuildPhase;
			buildActionMask = 2147483647;
			files = (
			);
			runOnlyForDeploymentPostprocessing = 0;
		};
		24C4925029F0EE6F00FD956D /* Frameworks */ = {
			isa = PBXFrameworksBuildPhase;
			buildActionMask = 2147483647;
			files = (
			);
			runOnlyForDeploymentPostprocessing = 0;
		};
		24C4925A29F0EE6F00FD956D /* Frameworks */ = {
			isa = PBXFrameworksBuildPhase;
			buildActionMask = 2147483647;
			files = (
			);
			runOnlyForDeploymentPostprocessing = 0;
		};
/* End PBXFrameworksBuildPhase section */

/* Begin PBXGroup section */
		24C4923429F0EE6D00FD956D = {
			isa = PBXGroup;
			children = (
				24C4923F29F0EE6D00FD956D /* MySwiftDemo */,
				24C4925629F0EE6F00FD956D /* MySwiftDemoTests */,
				24C4926029F0EE6F00FD956D /* MySwiftDemoUITests */,
				24C4923E29F0EE6D00FD956D /* Products */,
			);
			sourceTree = "<group>";
		};
		24C4923E29F0EE6D00FD956D /* Products */ = {
			isa = PBXGroup;
			children = (
				24C4923D29F0EE6D00FD956D /* MySwiftDemo.app */,
				24C4925329F0EE6F00FD956D /* MySwiftDemoTests.xctest */,
				24C4925D29F0EE6F00FD956D /* MySwiftDemoUITests.xctest */,
			);
			name = Products;
			sourceTree = "<group>";
		};
		24C4923F29F0EE6D00FD956D /* MySwiftDemo */ = {
			isa = PBXGroup;
			children = (
				24C4924029F0EE6D00FD956D /* AppDelegate.swift */,
				24C4924229F0EE6D00FD956D /* SceneDelegate.swift */,
				24C4924429F0EE6D00FD956D /* ViewController.swift */,
				24C4924629F0EE6D00FD956D /* Main.storyboard */,
				24C4924929F0EE6F00FD956D /* Assets.xcassets */,
				24C4924B29F0EE6F00FD956D /* LaunchScreen.storyboard */,
				24C4924E29F0EE6F00FD956D /* Info.plist */,
			);
			path = MySwiftDemo;
			sourceTree = "<group>";
		};
		24C4925629F0EE6F00FD956D /* MySwiftDemoTests */ = {
			isa = PBXGroup;
			children = (
				24C4925729F0EE6F00FD956D /* MySwiftDemoTests.swift */,
			);
			path = MySwiftDemoTests;
			sourceTree = "<group>";
		};
		24C4926029F0EE6F00FD956D /* MySwiftDemoUITests */ = {
			isa = PBXGroup;
			children = (
				24C4926129F0EE6F00FD956D /* MySwiftDemoUITests.swift */,
				24C4926329F0EE6F00FD956D /* MySwiftDemoUITestsLaunchTests.swift */,
			);
			path = MySwiftDemoUITests;
			sourceTree = "<group>";
		};
/* End PBXGroup section */

/* Begin PBXNativeTarget section */
		24C4923C29F0EE6D00FD956D /* MySwiftDemo */ = {
			isa = PBXNativeTarget;
			buildConfigurationList = 24C4926729F0EE6F00FD956D /* Build configuration list for PBXNativeTarget "MySwiftDemo" */;
			buildPhases = (
				24C4923929F0EE6D00FD956D /* Sources */,
				24C4923A29F0EE6D00FD956D /* Frameworks */,
				24C4923B29F0EE6D00FD956D /* Resources */,
			);
			buildRules = (
			);
			dependencies = (
			);
			name = MySwiftDemo;
			productName = MySwiftDemo;
			productReference = 24C4923D29F0EE6D00FD956D /* MySwiftDemo.app */;
			productType = "com.apple.product-type.application";
		};
		24C4925229F0EE6F00FD956D /* MySwiftDemoTests */ = {
			isa = PBXNativeTarget;
			buildConfigurationList = 24C4926A29F0EE6F00FD956D /* Build configuration list for PBXNativeTarget "MySwiftDemoTests" */;
			buildPhases = (
				24C4924F29F0EE6F00FD956D /* Sources */,
				24C4925029F0EE6F00FD956D /* Frameworks */,
				24C4925129F0EE6F00FD956D /* Resources */,
			);
			buildRules = (
			);
			dependencies = (
				24C4925529F0EE6F00FD956D /* PBXTargetDependency */,
			);
			name = MySwiftDemoTests;
			productName = MySwiftDemoTests;
			productReference = 24C4925329F0EE6F00FD956D /* MySwiftDemoTests.xctest */;
			productType = "com.apple.product-type.bundle.unit-test";
		};
		24C4925C29F0EE6F00FD956D /* MySwiftDemoUITests */ = {
			isa = PBXNativeTarget;
			buildConfigurationList = 24C4926D29F0EE6F00FD956D /* Build configuration list for PBXNativeTarget "MySwiftDemoUITests" */;
			buildPhases = (
				24C4925929F0EE6F00FD956D /* Sources */,
				24C4925A29F0EE6F00FD956D /* Frameworks */,
				24C4925B29F0EE6F00FD956D /* Resources */,
			);
			buildRules = (
			);
			dependencies = (
				24C4925F29F0EE6F00FD956D /* PBXTargetDependency */,
			);
			name = MySwiftDemoUITests;
			productName = MySwiftDemoUITests;
			productReference = 24C4925D29F0EE6F00FD956D /* MySwiftDemoUITests.xctest */;
			productType = "com.apple.product-type.bundle.ui-testing";
		};
/* End PBXNativeTarget section */

/* Begin PBXProject section */
		24C4923529F0EE6D00FD956D /* Project object */ = {
			isa = PBXProject;
			attributes = {
				BuildIndependentTargetsInParallel = 1;
				LastSwiftUpdateCheck = 1430;
				LastUpgradeCheck = 1430;
				TargetAttributes = {
					24C4923C29F0EE6D00FD956D = {
						CreatedOnToolsVersion = 14.3;
					};
					24C4925229F0EE6F00FD956D = {
						CreatedOnToolsVersion = 14.3;
						TestTargetID = 24C4923C29F0EE6D00FD956D;
					};
					24C4925C29F0EE6F00FD956D = {
						CreatedOnToolsVersion = 14.3;
						TestTargetID = 24C4923C29F0EE6D00FD956D;
					};
				};
			};
			buildConfigurationList = 24C4923829F0EE6D00FD956D /* Build configuration list for PBXProject "MySwiftDemo" */;
			compatibilityVersion = "Xcode 14.0";
			developmentRegion = en;
			hasScannedForEncodings = 0;
			knownRegions = (
				en,
				Base,
			);
			mainGroup = 24C4923429F0EE6D00FD956D;
			productRefGroup = 24C4923E29F0EE6D00FD956D /* Products */;
			projectDirPath = "";
			projectRoot = "";
			targets = (
				24C4923C29F0EE6D00FD956D /* MySwiftDemo */,
				24C4925229F0EE6F00FD956D /* MySwiftDemoTests */,
				24C4925C29F0EE6F00FD956D /* MySwiftDemoUITests */,
			);
		};
/* End PBXProject section */

/* Begin PBXResourcesBuildPhase section */
		24C4923B29F0EE6D00FD956D /* Resources */ = {
			isa = PBXResourcesBuildPhase;
			buildActionMask = 2147483647;
			files = (
				24C4924D29F0EE6F00FD956D /* LaunchScreen.storyboard in Resources */,
				24C4924A29F0EE6F00FD956D /* Assets.xcassets in Resources */,
				24C4924829F0EE6D00FD956D /* Main.storyboard in Resources */,
			);
			runOnlyForDeploymentPostprocessing = 0;
		};
		24C4925129F0EE6F00FD956D /* Resources */ = {
			isa = PBXResourcesBuildPhase;
			buildActionMask = 2147483647;
			files = (
			);
			runOnlyForDeploymentPostprocessing = 0;
		};
		24C4925B29F0EE6F00FD956D /* Resources */ = {
			isa = PBXResourcesBuildPhase;
			buildActionMask = 2147483647;
			files = (
			);
			runOnlyForDeploymentPostprocessing = 0;
		};
/* End PBXResourcesBuildPhase section */

/* Begin PBXSourcesBuildPhase section */
		24C4923929F0EE6D00FD956D /* Sources */ = {
			isa = PBXSourcesBuildPhase;
			buildActionMask = 2147483647;
			files = (
				24C4924529F0EE6D00FD956D /* ViewController.swift in Sources */,
				24C4924129F0EE6D00FD956D /* AppDelegate.swift in Sources */,
				24C4924329F0EE6D00FD956D /* SceneDelegate.swift in Sources */,
			);
			runOnlyForDeploymentPostprocessing = 0;
		};
		24C4924F29F0EE6F00FD956D /* Sources */ = {
			isa = PBXSourcesBuildPhase;
			buildActionMask = 2147483647;
			files = (
				24C4925829F0EE6F00FD956D /* MySwiftDemoTests.swift in Sources */,
			);
			runOnlyForDeploymentPostprocessing = 0;
		};
		24C4925929F0EE6F00FD956D /* Sources */ = {
			isa = PBXSourcesBuildPhase;
			buildActionMask = 2147483647;
			files = (
				24C4926229F0EE6F00FD956D /* MySwiftDemoUITests.swift in Sources */,
				24C4926429F0EE6F00FD956D /* MySwiftDemoUITestsLaunchTests.swift in Sources */,
			);
			runOnlyForDeploymentPostprocessing = 0;
		};
/* End PBXSourcesBuildPhase section */

/* Begin PBXTargetDependency section */
		24C4925529F0EE6F00FD956D /* PBXTargetDependency */ = {
			isa = PBXTargetDependency;
			target = 24C4923C29F0EE6D00FD956D /* MySwiftDemo */;
			targetProxy = 24C4925429F0EE6F00FD956D /* PBXContainerItemProxy */;
		};
		24C4925F29F0EE6F00FD956D /* PBXTargetDependency */ = {
			isa = PBXTargetDependency;
			target = 24C4923C29F0EE6D00FD956D /* MySwiftDemo */;
			targetProxy = 24C4925E29F0EE6F00FD956D /* PBXContainerItemProxy */;
		};
/* End PBXTargetDependency section */

/* Begin PBXVariantGroup section */
		24C4924629F0EE6D00FD956D /* Main.storyboard */ = {
			isa = PBXVariantGroup;
			children = (
				24C4924729F0EE6D00FD956D /* Base */,
			);
			name = Main.storyboard;
			sourceTree = "<group>";
		};
		24C4924B29F0EE6F00FD956D /* LaunchScreen.storyboard */ = {
			isa = PBXVariantGroup;
			children = (
				24C4924C29F0EE6F00FD956D /* Base */,
			);
			name = LaunchScreen.storyboard;
			sourceTree = "<group>";
		};
/* End PBXVariantGroup section */

/* Begin XCBuildConfiguration section */
		24C4926529F0EE6F00FD956D /* Debug */ = {
			isa = XCBuildConfiguration;
			buildSettings = {
				ALWAYS_SEARCH_USER_PATHS = NO;
				CLANG_ANALYZER_NONNULL = YES;
				CLANG_ANALYZER_NUMBER_OBJECT_CONVERSION = YES_AGGRESSIVE;
				CLANG_CXX_LANGUAGE_STANDARD = "gnu++20";
				CLANG_ENABLE_MODULES = YES;
				CLANG_ENABLE_OBJC_ARC = YES;
				CLANG_ENABLE_OBJC_WEAK = YES;
				CLANG_WARN_BLOCK_CAPTURE_AUTORELEASING = YES;
				CLANG_WARN_BOOL_CONVERSION = YES;
				CLANG_WARN_COMMA = YES;
				CLANG_WARN_CONSTANT_CONVERSION = YES;
				CLANG_WARN_DEPRECATED_OBJC_IMPLEMENTATIONS = YES;
				CLANG_WARN_DIRECT_OBJC_ISA_USAGE = YES_ERROR;
				CLANG_WARN_DOCUMENTATION_COMMENTS = YES;
				CLANG_WARN_EMPTY_BODY = YES;
				CLANG_WARN_ENUM_CONVERSION = YES;
				CLANG_WARN_INFINITE_RECURSION = YES;
				CLANG_WARN_INT_CONVERSION = YES;
				CLANG_WARN_NON_LITERAL_NULL_CONVERSION = YES;
				CLANG_WARN_OBJC_IMPLICIT_RETAIN_SELF = YES;
				CLANG_WARN_OBJC_LITERAL_CONVERSION = YES;
				CLANG_WARN_OBJC_ROOT_CLASS = YES_ERROR;
				CLANG_WARN_QUOTED_INCLUDE_IN_FRAMEWORK_HEADER = YES;
				CLANG_WARN_RANGE_LOOP_ANALYSIS = YES;
				CLANG_WARN_STRICT_PROTOTYPES = YES;
				CLANG_WARN_SUSPICIOUS_MOVE = YES;
				CLANG_WARN_UNGUARDED_AVAILABILITY = YES_AGGRESSIVE;
				CLANG_WARN_UNREACHABLE_CODE = YES;
				CLANG_WARN__DUPLICATE_METHOD_MATCH = YES;
				COPY_PHASE_STRIP = NO;
				DEBUG_INFORMATION_FORMAT = dwarf;
				ENABLE_STRICT_OBJC_MSGSEND = YES;
				ENABLE_TESTABILITY = YES;
				GCC_C_LANGUAGE_STANDARD = gnu11;
				GCC_DYNAMIC_NO_PIC = NO;
				GCC_NO_COMMON_BLOCKS = YES;
				GCC_OPTIMIZATION_LEVEL = 0;
				GCC_PREPROCESSOR_DEFINITIONS = (
					"DEBUG=1",
					"$(inherited)",
				);
				GCC_WARN_64_TO_32_BIT_CONVERSION = YES;
				GCC_WARN_ABOUT_RETURN_TYPE = YES_ERROR;
				GCC_WARN_UNDECLARED_SELECTOR = YES;
				GCC_WARN_UNINITIALIZED_AUTOS = YES_AGGRESSIVE;
				GCC_WARN_UNUSED_FUNCTION = YES;
				GCC_WARN_UNUSED_VARIABLE = YES;
				IPHONEOS_DEPLOYMENT_TARGET = 16.4;
				MTL_ENABLE_DEBUG_INFO = INCLUDE_SOURCE;
				MTL_FAST_MATH = YES;
				ONLY_ACTIVE_ARCH = YES;
				SDKROOT = iphoneos;
				SWIFT_ACTIVE_COMPILATION_CONDITIONS = DEBUG;
				SWIFT_OPTIMIZATION_LEVEL = "-Onone";
			};
			name = Debug;
		};
		24C4926629F0EE6F00FD956D /* Release */ = {
			isa = XCBuildConfiguration;
			buildSettings = {
				ALWAYS_SEARCH_USER_PATHS = NO;
				CLANG_ANALYZER_NONNULL = YES;
				CLANG_ANALYZER_NUMBER_OBJECT_CONVERSION = YES_AGGRESSIVE;
				CLANG_CXX_LANGUAGE_STANDARD = "gnu++20";
				CLANG_ENABLE_MODULES = YES;
				CLANG_ENABLE_OBJC_ARC = YES;
				CLANG_ENABLE_OBJC_WEAK = YES;
				CLANG_WARN_BLOCK_CAPTURE_AUTORELEASING = YES;
				CLANG_WARN_BOOL_CONVERSION = YES;
				CLANG_WARN_COMMA = YES;
				CLANG_WARN_CONSTANT_CONVERSION = YES;
				CLANG_WARN_DEPRECATED_OBJC_IMPLEMENTATIONS = YES;
				CLANG_WARN_DIRECT_OBJC_ISA_USAGE = YES_ERROR;
				CLANG_WARN_DOCUMENTATION_COMMENTS = YES;
				CLANG_WARN_EMPTY_BODY = YES;
				CLANG_WARN_ENUM_CONVERSION = YES;
				CLANG_WARN_INFINITE_RECURSION = YES;
				CLANG_WARN_INT_CONVERSION = YES;
				CLANG_WARN_NON_LITERAL_NULL_CONVERSION = YES;
				CLANG_WARN_OBJC_IMPLICIT_RETAIN_SELF = YES;
				CLANG_WARN_OBJC_LITERAL_CONVERSION = YES;
				CLANG_WARN_OBJC_ROOT_CLASS = YES_ERROR;
				CLANG_WARN_QUOTED_INCLUDE_IN_FRAMEWORK_HEADER = YES;
				CLANG_WARN_RANGE_LOOP_ANALYSIS = YES;
				CLANG_WARN_STRICT_PROTOTYPES = YES;
				CLANG_WARN_SUSPICIOUS_MOVE = YES;
				CLANG_WARN_UNGUARDED_AVAILABILITY = YES_AGGRESSIVE;
				CLANG_WARN_UNREACHABLE_CODE = YES;
				CLANG_WARN__DUPLICATE_METHOD_MATCH = YES;
				COPY_PHASE_STRIP = NO;
				DEBUG_INFORMATION_FORMAT = "dwarf-with-dsym";
				ENABLE_NS_ASSERTIONS = NO;
				ENABLE_STRICT_OBJC_MSGSEND = YES;
				GCC_C_LANGUAGE_STANDARD = gnu11;
				GCC_NO_COMMON_BLOCKS = YES;
				GCC_WARN_64_TO_32_BIT_CONVERSION = YES;
				GCC_WARN_ABOUT_RETURN_TYPE = YES_ERROR;
				GCC_WARN_UNDECLARED_SELECTOR = YES;
				GCC_WARN_UNINITIALIZED_AUTOS = YES_AGGRESSIVE;
				GCC_WARN_UNUSED_FUNCTION = YES;
				GCC_WARN_UNUSED_VARIABLE = YES;
				IPHONEOS_DEPLOYMENT_TARGET = 16.4;
				MTL_ENABLE_DEBUG_INFO = NO;
				MTL_FAST_MATH = YES;
				SDKROOT = iphoneos;
				SWIFT_COMPILATION_MODE = wholemodule;
				SWIFT_OPTIMIZATION_LEVEL = "-O";
				VALIDATE_PRODUCT = YES;
			};
			name = Release;
		};
		24C4926829F0EE6F00FD956D /* Debug */ = {
			isa = XCBuildConfiguration;
			buildSettings = {
				ASSETCATALOG_COMPILER_APPICON_NAME = AppIcon;
				ASSETCATALOG_COMPILER_GLOBAL_ACCENT_COLOR_NAME = AccentColor;
				CODE_SIGN_STYLE = Automatic;
				CURRENT_PROJECT_VERSION = 1;
				GENERATE_INFOPLIST_FILE = YES;
				INFOPLIST_FILE = MySwiftDemo/Info.plist;
				INFOPLIST_KEY_UIApplicationSupportsIndirectInputEvents = YES;
				INFOPLIST_KEY_UILaunchStoryboardName = LaunchScreen;
				INFOPLIST_KEY_UIMainStoryboardFile = Main;
				INFOPLIST_KEY_UISupportedInterfaceOrientations_iPad = "UIInterfaceOrientationPortrait UIInterfaceOrientationPortraitUpsideDown UIInterfaceOrientationLandscapeLeft UIInterfaceOrientationLandscapeRight";
				INFOPLIST_KEY_UISupportedInterfaceOrientations_iPhone = "UIInterfaceOrientationPortrait UIInterfaceOrientationLandscapeLeft UIInterfaceOrientationLandscapeRight";
				LD_RUNPATH_SEARCH_PATHS = (
					"$(inherited)",
					"@executable_path/Frameworks",
				);
				MARKETING_VERSION = 1.0;
				PRODUCT_BUNDLE_IDENTIFIER = com.bzm.MySwiftDemo;
				PRODUCT_NAME = "$(TARGET_NAME)";
				SUPPORTED_PLATFORMS = "iphoneos iphonesimulator";
				SUPPORTS_MACCATALYST = NO;
				SUPPORTS_MAC_DESIGNED_FOR_IPHONE_IPAD = NO;
				SWIFT_EMIT_LOC_STRINGS = YES;
				SWIFT_VERSION = 5.0;
				TARGETED_DEVICE_FAMILY = "1,2";
			};
			name = Debug;
		};
		24C4926929F0EE6F00FD956D /* Release */ = {
			isa = XCBuildConfiguration;
			buildSettings = {
				ASSETCATALOG_COMPILER_APPICON_NAME = AppIcon;
				ASSETCATALOG_COMPILER_GLOBAL_ACCENT_COLOR_NAME = AccentColor;
				CODE_SIGN_STYLE = Automatic;
				CURRENT_PROJECT_VERSION = 1;
				GENERATE_INFOPLIST_FILE = YES;
				INFOPLIST_FILE = MySwiftDemo/Info.plist;
				INFOPLIST_KEY_UIApplicationSupportsIndirectInputEvents = YES;
				INFOPLIST_KEY_UILaunchStoryboardName = LaunchScreen;
				INFOPLIST_KEY_UIMainStoryboardFile = Main;
				INFOPLIST_KEY_UISupportedInterfaceOrientations_iPad = "UIInterfaceOrientationPortrait UIInterfaceOrientationPortraitUpsideDown UIInterfaceOrientationLandscapeLeft UIInterfaceOrientationLandscapeRight";
				INFOPLIST_KEY_UISupportedInterfaceOrientations_iPhone = "UIInterfaceOrientationPortrait UIInterfaceOrientationLandscapeLeft UIInterfaceOrientationLandscapeRight";
				LD_RUNPATH_SEARCH_PATHS = (
					"$(inherited)",
					"@executable_path/Frameworks",
				);
				MARKETING_VERSION = 1.0;
				PRODUCT_BUNDLE_IDENTIFIER = com.bzm.MySwiftDemo;
				PRODUCT_NAME = "$(TARGET_NAME)";
				SUPPORTED_PLATFORMS = "iphoneos iphonesimulator";
				SUPPORTS_MACCATALYST = NO;
				SUPPORTS_MAC_DESIGNED_FOR_IPHONE_IPAD = NO;
				SWIFT_EMIT_LOC_STRINGS = YES;
				SWIFT_VERSION = 5.0;
				TARGETED_DEVICE_FAMILY = "1,2";
			};
			name = Release;
		};
		24C4926B29F0EE6F00FD956D /* Debug */ = {
			isa = XCBuildConfiguration;
			buildSettings = {
				ALWAYS_EMBED_SWIFT_STANDARD_LIBRARIES = YES;
				BUNDLE_LOADER = "$(TEST_HOST)";
				CODE_SIGN_STYLE = Automatic;
				CURRENT_PROJECT_VERSION = 1;
				GENERATE_INFOPLIST_FILE = YES;
				IPHONEOS_DEPLOYMENT_TARGET = 16.4;
				MARKETING_VERSION = 1.0;
				PRODUCT_BUNDLE_IDENTIFIER = com.bzm.MySwiftDemoTests;
				PRODUCT_NAME = "$(TARGET_NAME)";
				SWIFT_EMIT_LOC_STRINGS = NO;
				SWIFT_VERSION = 5.0;
				TARGETED_DEVICE_FAMILY = "1,2";
				TEST_HOST = "$(BUILT_PRODUCTS_DIR)/MySwiftDemo.app/$(BUNDLE_EXECUTABLE_FOLDER_PATH)/MySwiftDemo";
			};
			name = Debug;
		};
		24C4926C29F0EE6F00FD956D /* Release */ = {
			isa = XCBuildConfiguration;
			buildSettings = {
				ALWAYS_EMBED_SWIFT_STANDARD_LIBRARIES = YES;
				BUNDLE_LOADER = "$(TEST_HOST)";
				CODE_SIGN_STYLE = Automatic;
				CURRENT_PROJECT_VERSION = 1;
				GENERATE_INFOPLIST_FILE = YES;
				IPHONEOS_DEPLOYMENT_TARGET = 16.4;
				MARKETING_VERSION = 1.0;
				PRODUCT_BUNDLE_IDENTIFIER = com.bzm.MySwiftDemoTests;
				PRODUCT_NAME = "$(TARGET_NAME)";
				SWIFT_EMIT_LOC_STRINGS = NO;
				SWIFT_VERSION = 5.0;
				TARGETED_DEVICE_FAMILY = "1,2";
				TEST_HOST = "$(BUILT_PRODUCTS_DIR)/MySwiftDemo.app/$(BUNDLE_EXECUTABLE_FOLDER_PATH)/MySwiftDemo";
			};
			name = Release;
		};
		24C4926E29F0EE6F00FD956D /* Debug */ = {
			isa = XCBuildConfiguration;
			buildSettings = {
				ALWAYS_EMBED_SWIFT_STANDARD_LIBRARIES = YES;
				CODE_SIGN_STYLE = Automatic;
				CURRENT_PROJECT_VERSION = 1;
				GENERATE_INFOPLIST_FILE = YES;
				MARKETING_VERSION = 1.0;
				PRODUCT_BUNDLE_IDENTIFIER = com.bzm.MySwiftDemoUITests;
				PRODUCT_NAME = "$(TARGET_NAME)";
				SWIFT_EMIT_LOC_STRINGS = NO;
				SWIFT_VERSION = 5.0;
				TARGETED_DEVICE_FAMILY = "1,2";
				TEST_TARGET_NAME = MySwiftDemo;
			};
			name = Debug;
		};
		24C4926F29F0EE6F00FD956D /* Release */ = {
			isa = XCBuildConfiguration;
			buildSettings = {
				ALWAYS_EMBED_SWIFT_STANDARD_LIBRARIES = YES;
				CODE_SIGN_STYLE = Automatic;
				CURRENT_PROJECT_VERSION = 1;
				GENERATE_INFOPLIST_FILE = YES;
				MARKETING_VERSION = 1.0;
				PRODUCT_BUNDLE_IDENTIFIER = com.bzm.MySwiftDemoUITests;
				PRODUCT_NAME = "$(TARGET_NAME)";
				SWIFT_EMIT_LOC_STRINGS = NO;
				SWIFT_VERSION = 5.0;
				TARGETED_DEVICE_FAMILY = "1,2";
				TEST_TARGET_NAME = MySwiftDemo;
			};
			name = Release;
		};
/* End XCBuildConfiguration section */

/* Begin XCConfigurationList section */
		24C4923829F0EE6D00FD956D /* Build configuration list for PBXProject "MySwiftDemo" */ = {
			isa = XCConfigurationList;
			buildConfigurations = (
				24C4926529F0EE6F00FD956D /* Debug */,
				24C4926629F0EE6F00FD956D /* Release */,
			);
			defaultConfigurationIsVisible = 0;
			defaultConfigurationName = Release;
		};
		24C4926729F0EE6F00FD956D /* Build configuration list for PBXNativeTarget "MySwiftDemo" */ = {
			isa = XCConfigurationList;
			buildConfigurations = (
				24C4926829F0EE6F00FD956D /* Debug */,
				24C4926929F0EE6F00FD956D /* Release */,
			);
			defaultConfigurationIsVisible = 0;
			defaultConfigurationName = Release;
		};
		24C4926A29F0EE6F00FD956D /* Build configuration list for PBXNativeTarget "MySwiftDemoTests" */ = {
			isa = XCConfigurationList;
			buildConfigurations = (
				24C4926B29F0EE6F00FD956D /* Debug */,
				24C4926C29F0EE6F00FD956D /* Release */,
			);
			defaultConfigurationIsVisible = 0;
			defaultConfigurationName = Release;
		};
		24C4926D29F0EE6F00FD956D /* Build configuration list for PBXNativeTarget "MySwiftDemoUITests" */ = {
			isa = XCConfigurationList;
			buildConfigurations = (
				24C4926E29F0EE6F00FD956D /* Debug */,
				24C4926F29F0EE6F00FD956D /* Release */,
			);
			defaultConfigurationIsVisible = 0;
			defaultConfigurationName = Release;
		};
/* End XCConfigurationList section */
	};
	rootObject = 24C4923529F0EE6D00FD956D /* Project object */;
}
